// !$*UTF8*$!
{
	archiveVersion = 1;
	classes = {
	};
	objectVersion = 56;
	objects = {

/* Begin PBXBuildFile section */
		5D2379AA2A7824E800C1FA1D /* AppDelegate.swift in Sources */ = {isa = PBXBuildFile; fileRef = 5D2379A92A7824E800C1FA1D /* AppDelegate.swift */; };
		5D2379AC2A7824E800C1FA1D /* SceneDelegate.swift in Sources */ = {isa = PBXBuildFile; fileRef = 5D2379AB2A7824E800C1FA1D /* SceneDelegate.swift */; };
		5D2379AE2A7824E800C1FA1D /* ViewController.swift in Sources */ = {isa = PBXBuildFile; fileRef = 5D2379AD2A7824E800C1FA1D /* ViewController.swift */; };
		5D2379B12A7824E800C1FA1D /* Main.storyboard in Resources */ = {isa = PBXBuildFile; fileRef = 5D2379AF2A7824E800C1FA1D /* Main.storyboard */; };
		5D2379B42A7824E800C1FA1D /* Coredata_prog_1.xcdatamodeld in Sources */ = {isa = PBXBuildFile; fileRef = 5D2379B22A7824E800C1FA1D /* Coredata_prog_1.xcdatamodeld */; };
		5D2379B62A7824E900C1FA1D /* Assets.xcassets in Resources */ = {isa = PBXBuildFile; fileRef = 5D2379B52A7824E900C1FA1D /* Assets.xcassets */; };
		5D2379B92A7824E900C1FA1D /* LaunchScreen.storyboard in Resources */ = {isa = PBXBuildFile; fileRef = 5D2379B72A7824E900C1FA1D /* LaunchScreen.storyboard */; };
		5D2379CA2A782FAD00C1FA1D /* CoreData.framework in Frameworks */ = {isa = PBXBuildFile; fileRef = 5D2379C92A782FAD00C1FA1D /* CoreData.framework */; };
		5D2379CC2A78346400C1FA1D /* DataBaseHelper.swift in Sources */ = {isa = PBXBuildFile; fileRef = 5D2379CB2A78346400C1FA1D /* DataBaseHelper.swift */; };
		5D2379CE2A786B6400C1FA1D /* DataViewController.swift in Sources */ = {isa = PBXBuildFile; fileRef = 5D2379CD2A786B6400C1FA1D /* DataViewController.swift */; };
		5D2379D02A786CA400C1FA1D /* TableViewCell.swift in Sources */ = {isa = PBXBuildFile; fileRef = 5D2379CF2A786CA400C1FA1D /* TableViewCell.swift */; };
		5D2379E42A7A40B700C1FA1D /* Students+CoreDataClass.swift in Sources */ = {isa = PBXBuildFile; fileRef = 5D2379E22A7A40B700C1FA1D /* Students+CoreDataClass.swift */; };
		5D2379E72A7D77F200C1FA1D /* Students+CoreDataProperties.swift in Sources */ = {isa = PBXBuildFile; fileRef = 5D2379E62A7D77F200C1FA1D /* Students+CoreDataProperties.swift */; };
		5D2379E92A7EC06800C1FA1D /* contact.png in Resources */ = {isa = PBXBuildFile; fileRef = 5D2379E82A7EC06800C1FA1D /* contact.png */; };
		5D2379EB2A7EC0F900C1FA1D /* user.png in Resources */ = {isa = PBXBuildFile; fileRef = 5D2379EA2A7EC0F900C1FA1D /* user.png */; };
		5D2379ED2A7EC60600C1FA1D /* Logo.png in Resources */ = {isa = PBXBuildFile; fileRef = 5D2379EC2A7EC60500C1FA1D /* Logo.png */; };
		5D9563242A7F5B70008823ED /* telephone.png in Resources */ = {isa = PBXBuildFile; fileRef = 5D9563232A7F5B70008823ED /* telephone.png */; };
		5D9563262A7F5DEA008823ED /* menu.png in Resources */ = {isa = PBXBuildFile; fileRef = 5D9563252A7F5DEA008823ED /* menu.png */; };
/* End PBXBuildFile section */

/* Begin PBXFileReference section */
		5D2379A62A7824E800C1FA1D /* Coredata_prog_1.app */ = {isa = PBXFileReference; explicitFileType = wrapper.application; includeInIndex = 0; path = Coredata_prog_1.app; sourceTree = BUILT_PRODUCTS_DIR; };
		5D2379A92A7824E800C1FA1D /* AppDelegate.swift */ = {isa = PBXFileReference; lastKnownFileType = sourcecode.swift; path = AppDelegate.swift; sourceTree = "<group>"; };
		5D2379AB2A7824E800C1FA1D /* SceneDelegate.swift */ = {isa = PBXFileReference; lastKnownFileType = sourcecode.swift; path = SceneDelegate.swift; sourceTree = "<group>"; };
		5D2379AD2A7824E800C1FA1D /* ViewController.swift */ = {isa = PBXFileReference; lastKnownFileType = sourcecode.swift; path = ViewController.swift; sourceTree = "<group>"; };
		5D2379B02A7824E800C1FA1D /* Base */ = {isa = PBXFileReference; lastKnownFileType = file.storyboard; name = Base; path = Base.lproj/Main.storyboard; sourceTree = "<group>"; };
		5D2379B32A7824E800C1FA1D /* Coredata_prog_1.xcdatamodel */ = {isa = PBXFileReference; lastKnownFileType = wrapper.xcdatamodel; path = Coredata_prog_1.xcdatamodel; sourceTree = "<group>"; };
		5D2379B52A7824E900C1FA1D /* Assets.xcassets */ = {isa = PBXFileReference; lastKnownFileType = folder.assetcatalog; path = Assets.xcassets; sourceTree = "<group>"; };
		5D2379B82A7824E900C1FA1D /* Base */ = {isa = PBXFileReference; lastKnownFileType = file.storyboard; name = Base; path = Base.lproj/LaunchScreen.storyboard; sourceTree = "<group>"; };
		5D2379BA2A7824E900C1FA1D /* Info.plist */ = {isa = PBXFileReference; lastKnownFileType = text.plist.xml; path = Info.plist; sourceTree = "<group>"; };
		5D2379C92A782FAD00C1FA1D /* CoreData.framework */ = {isa = PBXFileReference; lastKnownFileType = wrapper.framework; name = CoreData.framework; path = System/Library/Frameworks/CoreData.framework; sourceTree = SDKROOT; };
		5D2379CB2A78346400C1FA1D /* DataBaseHelper.swift */ = {isa = PBXFileReference; lastKnownFileType = sourcecode.swift; path = DataBaseHelper.swift; sourceTree = "<group>"; };
		5D2379CD2A786B6400C1FA1D /* DataViewController.swift */ = {isa = PBXFileReference; lastKnownFileType = sourcecode.swift; path = DataViewController.swift; sourceTree = "<group>"; };
		5D2379CF2A786CA400C1FA1D /* TableViewCell.swift */ = {isa = PBXFileReference; lastKnownFileType = sourcecode.swift; path = TableViewCell.swift; sourceTree = "<group>"; };
		5D2379E22A7A40B700C1FA1D /* Students+CoreDataClass.swift */ = {isa = PBXFileReference; lastKnownFileType = sourcecode.swift; name = "Students+CoreDataClass.swift"; path = "../Students+CoreDataClass.swift"; sourceTree = "<group>"; };
		5D2379E62A7D77F200C1FA1D /* Students+CoreDataProperties.swift */ = {isa = PBXFileReference; lastKnownFileType = sourcecode.swift; path = "Students+CoreDataProperties.swift"; sourceTree = "<group>"; };
		5D2379E82A7EC06800C1FA1D /* contact.png */ = {isa = PBXFileReference; lastKnownFileType = image.png; path = contact.png; sourceTree = "<group>"; };
		5D2379EA2A7EC0F900C1FA1D /* user.png */ = {isa = PBXFileReference; lastKnownFileType = image.png; path = user.png; sourceTree = "<group>"; };
		5D2379EC2A7EC60500C1FA1D /* Logo.png */ = {isa = PBXFileReference; lastKnownFileType = image.png; path = Logo.png; sourceTree = "<group>"; };
		5D9563232A7F5B70008823ED /* telephone.png */ = {isa = PBXFileReference; lastKnownFileType = image.png; path = telephone.png; sourceTree = "<group>"; };
		5D9563252A7F5DEA008823ED /* menu.png */ = {isa = PBXFileReference; lastKnownFileType = image.png; path = menu.png; sourceTree = "<group>"; };
/* End PBXFileReference section */

/* Begin PBXFrameworksBuildPhase section */
		5D2379A32A7824E800C1FA1D /* Frameworks */ = {
			isa = PBXFrameworksBuildPhase;
			buildActionMask = 2147483647;
			files = (
				5D2379CA2A782FAD00C1FA1D /* CoreData.framework in Frameworks */,
			);
			runOnlyForDeploymentPostprocessing = 0;
		};
/* End PBXFrameworksBuildPhase section */

/* Begin PBXGroup section */
		5D23799D2A7824E800C1FA1D = {
			isa = PBXGroup;
			children = (
				5D2379A82A7824E800C1FA1D /* Coredata_prog_1 */,
				5D2379A72A7824E800C1FA1D /* Products */,
				5D2379C82A782FAD00C1FA1D /* Frameworks */,
			);
			sourceTree = "<group>";
		};
		5D2379A72A7824E800C1FA1D /* Products */ = {
			isa = PBXGroup;
			children = (
				5D2379A62A7824E800C1FA1D /* Coredata_prog_1.app */,
			);
			name = Products;
			sourceTree = "<group>";
		};
		5D2379A82A7824E800C1FA1D /* Coredata_prog_1 */ = {
			isa = PBXGroup;
			children = (
				5D2379A92A7824E800C1FA1D /* AppDelegate.swift */,
				5D2379AB2A7824E800C1FA1D /* SceneDelegate.swift */,
				5D2379E22A7A40B700C1FA1D /* Students+CoreDataClass.swift */,
				5D2379E62A7D77F200C1FA1D /* Students+CoreDataProperties.swift */,
				5D2379AD2A7824E800C1FA1D /* ViewController.swift */,
				5D2379CB2A78346400C1FA1D /* DataBaseHelper.swift */,
				5D2379AF2A7824E800C1FA1D /* Main.storyboard */,
				5D2379CF2A786CA400C1FA1D /* TableViewCell.swift */,
				5D2379CD2A786B6400C1FA1D /* DataViewController.swift */,
				5D2379B52A7824E900C1FA1D /* Assets.xcassets */,
				5D2379E82A7EC06800C1FA1D /* contact.png */,
				5D2379EC2A7EC60500C1FA1D /* Logo.png */,
				5D9563252A7F5DEA008823ED /* menu.png */,
				5D2379EA2A7EC0F900C1FA1D /* user.png */,
				5D9563232A7F5B70008823ED /* telephone.png */,
				5D2379B72A7824E900C1FA1D /* LaunchScreen.storyboard */,
				5D2379BA2A7824E900C1FA1D /* Info.plist */,
				5D2379B22A7824E800C1FA1D /* Coredata_prog_1.xcdatamodeld */,
			);
			path = Coredata_prog_1;
			sourceTree = "<group>";
		};
		5D2379C82A782FAD00C1FA1D /* Frameworks */ = {
			isa = PBXGroup;
			children = (
				5D2379C92A782FAD00C1FA1D /* CoreData.framework */,
			);
			name = Frameworks;
			sourceTree = "<group>";
		};
/* End PBXGroup section */

/* Begin PBXNativeTarget section */
		5D2379A52A7824E800C1FA1D /* Coredata_prog_1 */ = {
			isa = PBXNativeTarget;
			buildConfigurationList = 5D2379BD2A7824E900C1FA1D /* Build configuration list for PBXNativeTarget "Coredata_prog_1" */;
			buildPhases = (
				5D2379A22A7824E800C1FA1D /* Sources */,
				5D2379A32A7824E800C1FA1D /* Frameworks */,
				5D2379A42A7824E800C1FA1D /* Resources */,
			);
			buildRules = (
			);
			dependencies = (
			);
			name = Coredata_prog_1;
			productName = Coredata_prog_1;
			productReference = 5D2379A62A7824E800C1FA1D /* Coredata_prog_1.app */;
			productType = "com.apple.product-type.application";
		};
/* End PBXNativeTarget section */

/* Begin PBXProject section */
		5D23799E2A7824E800C1FA1D /* Project object */ = {
			isa = PBXProject;
			attributes = {
				BuildIndependentTargetsInParallel = 1;
				LastSwiftUpdateCheck = 1430;
				LastUpgradeCheck = 1430;
				TargetAttributes = {
					5D2379A52A7824E800C1FA1D = {
						CreatedOnToolsVersion = 14.3.1;
					};
				};
			};
			buildConfigurationList = 5D2379A12A7824E800C1FA1D /* Build configuration list for PBXProject "Coredata_prog_1" */;
			compatibilityVersion = "Xcode 14.0";
			developmentRegion = en;
			hasScannedForEncodings = 0;
			knownRegions = (
				en,
				Base,
			);
			mainGroup = 5D23799D2A7824E800C1FA1D;
			productRefGroup = 5D2379A72A7824E800C1FA1D /* Products */;
			projectDirPath = "";
			projectRoot = "";
			targets = (
				5D2379A52A7824E800C1FA1D /* Coredata_prog_1 */,
			);
		};
/* End PBXProject section */

/* Begin PBXResourcesBuildPhase section */
		5D2379A42A7824E800C1FA1D /* Resources */ = {
			isa = PBXResourcesBuildPhase;
			buildActionMask = 2147483647;
			files = (
				5D9563262A7F5DEA008823ED /* menu.png in Resources */,
				5D9563242A7F5B70008823ED /* telephone.png in Resources */,
				5D2379B92A7824E900C1FA1D /* LaunchScreen.storyboard in Resources */,
				5D2379ED2A7EC60600C1FA1D /* Logo.png in Resources */,
				5D2379EB2A7EC0F900C1FA1D /* user.png in Resources */,
				5D2379B62A7824E900C1FA1D /* Assets.xcassets in Resources */,
				5D2379E92A7EC06800C1FA1D /* contact.png in Resources */,
				5D2379B12A7824E800C1FA1D /* Main.storyboard in Resources */,
			);
			runOnlyForDeploymentPostprocessing = 0;
		};
/* End PBXResourcesBuildPhase section */

/* Begin PBXSourcesBuildPhase section */
		5D2379A22A7824E800C1FA1D /* Sources */ = {
			isa = PBXSourcesBuildPhase;
			buildActionMask = 2147483647;
			files = (
				5D2379CC2A78346400C1FA1D /* DataBaseHelper.swift in Sources */,
				5D2379AE2A7824E800C1FA1D /* ViewController.swift in Sources */,
				5D2379AA2A7824E800C1FA1D /* AppDelegate.swift in Sources */,
				5D2379D02A786CA400C1FA1D /* TableViewCell.swift in Sources */,
				5D2379CE2A786B6400C1FA1D /* DataViewController.swift in Sources */,
				5D2379E42A7A40B700C1FA1D /* Students+CoreDataClass.swift in Sources */,
				5D2379B42A7824E800C1FA1D /* Coredata_prog_1.xcdatamodeld in Sources */,
				5D2379AC2A7824E800C1FA1D /* SceneDelegate.swift in Sources */,
				5D2379E72A7D77F200C1FA1D /* Students+CoreDataProperties.swift in Sources */,
			);
			runOnlyForDeploymentPostprocessing = 0;
		};
/* End PBXSourcesBuildPhase section */

/* Begin PBXVariantGroup section */
		5D2379AF2A7824E800C1FA1D /* Main.storyboard */ = {
			isa = PBXVariantGroup;
			children = (
				5D2379B02A7824E800C1FA1D /* Base */,
			);
			name = Main.storyboard;
			sourceTree = "<group>";
		};
		5D2379B72A7824E900C1FA1D /* LaunchScreen.storyboard */ = {
			isa = PBXVariantGroup;
			children = (
				5D2379B82A7824E900C1FA1D /* Base */,
			);
			name = LaunchScreen.storyboard;
			sourceTree = "<group>";
		};
/* End PBXVariantGroup section */

/* Begin XCBuildConfiguration section */
		5D2379BB2A7824E900C1FA1D /* Debug */ = {
			isa = XCBuildConfiguration;
			buildSettings = {
				ALWAYS_SEARCH_USER_PATHS = NO;
				CLANG_ANALYZER_NONNULL = YES;
				CLANG_ANALYZER_NUMBER_OBJECT_CONVERSION = YES_AGGRESSIVE;
				CLANG_CXX_LANGUAGE_STANDARD = "gnu++20";
				CLANG_ENABLE_MODULES = YES;
				CLANG_ENABLE_OBJC_ARC = YES;
				CLANG_ENABLE_OBJC_WEAK = YES;
				CLANG_WARN_BLOCK_CAPTURE_AUTORELEASING = YES;
				CLANG_WARN_BOOL_CONVERSION = YES;
				CLANG_WARN_COMMA = YES;
				CLANG_WARN_CONSTANT_CONVERSION = YES;
				CLANG_WARN_DEPRECATED_OBJC_IMPLEMENTATIONS = YES;
				CLANG_WARN_DIRECT_OBJC_ISA_USAGE = YES_ERROR;
				CLANG_WARN_DOCUMENTATION_COMMENTS = YES;
				CLANG_WARN_EMPTY_BODY = YES;
				CLANG_WARN_ENUM_CONVERSION = YES;
				CLANG_WARN_INFINITE_RECURSION = YES;
				CLANG_WARN_INT_CONVERSION = YES;
				CLANG_WARN_NON_LITERAL_NULL_CONVERSION = YES;
				CLANG_WARN_OBJC_IMPLICIT_RETAIN_SELF = YES;
				CLANG_WARN_OBJC_LITERAL_CONVERSION = YES;
				CLANG_WARN_OBJC_ROOT_CLASS = YES_ERROR;
				CLANG_WARN_QUOTED_INCLUDE_IN_FRAMEWORK_HEADER = YES;
				CLANG_WARN_RANGE_LOOP_ANALYSIS = YES;
				CLANG_WARN_STRICT_PROTOTYPES = YES;
				CLANG_WARN_SUSPICIOUS_MOVE = YES;
				CLANG_WARN_UNGUARDED_AVAILABILITY = YES_AGGRESSIVE;
				CLANG_WARN_UNREACHABLE_CODE = YES;
				CLANG_WARN__DUPLICATE_METHOD_MATCH = YES;
				COPY_PHASE_STRIP = NO;
				DEBUG_INFORMATION_FORMAT = dwarf;
				ENABLE_STRICT_OBJC_MSGSEND = YES;
				ENABLE_TESTABILITY = YES;
				GCC_C_LANGUAGE_STANDARD = gnu11;
				GCC_DYNAMIC_NO_PIC = NO;
				GCC_NO_COMMON_BLOCKS = YES;
				GCC_OPTIMIZATION_LEVEL = 0;
				GCC_PREPROCESSOR_DEFINITIONS = (
					"DEBUG=1",
					"$(inherited)",
				);
				GCC_WARN_64_TO_32_BIT_CONVERSION = YES;
				GCC_WARN_ABOUT_RETURN_TYPE = YES_ERROR;
				GCC_WARN_UNDECLARED_SELECTOR = YES;
				GCC_WARN_UNINITIALIZED_AUTOS = YES_AGGRESSIVE;
				GCC_WARN_UNUSED_FUNCTION = YES;
				GCC_WARN_UNUSED_VARIABLE = YES;
				IPHONEOS_DEPLOYMENT_TARGET = 16.4;
				MTL_ENABLE_DEBUG_INFO = INCLUDE_SOURCE;
				MTL_FAST_MATH = YES;
				ONLY_ACTIVE_ARCH = YES;
				SDKROOT = iphoneos;
				SWIFT_ACTIVE_COMPILATION_CONDITIONS = DEBUG;
				SWIFT_OPTIMIZATION_LEVEL = "-Onone";
			};
			name = Debug;
		};
		5D2379BC2A7824E900C1FA1D /* Release */ = {
			isa = XCBuildConfiguration;
			buildSettings = {
				ALWAYS_SEARCH_USER_PATHS = NO;
				CLANG_ANALYZER_NONNULL = YES;
				CLANG_ANALYZER_NUMBER_OBJECT_CONVERSION = YES_AGGRESSIVE;
				CLANG_CXX_LANGUAGE_STANDARD = "gnu++20";
				CLANG_ENABLE_MODULES = YES;
				CLANG_ENABLE_OBJC_ARC = YES;
				CLANG_ENABLE_OBJC_WEAK = YES;
				CLANG_WARN_BLOCK_CAPTURE_AUTORELEASING = YES;
				CLANG_WARN_BOOL_CONVERSION = YES;
				CLANG_WARN_COMMA = YES;
				CLANG_WARN_CONSTANT_CONVERSION = YES;
				CLANG_WARN_DEPRECATED_OBJC_IMPLEMENTATIONS = YES;
				CLANG_WARN_DIRECT_OBJC_ISA_USAGE = YES_ERROR;
				CLANG_WARN_DOCUMENTATION_COMMENTS = YES;
				CLANG_WARN_EMPTY_BODY = YES;
				CLANG_WARN_ENUM_CONVERSION = YES;
				CLANG_WARN_INFINITE_RECURSION = YES;
				CLANG_WARN_INT_CONVERSION = YES;
				CLANG_WARN_NON_LITERAL_NULL_CONVERSION = YES;
				CLANG_WARN_OBJC_IMPLICIT_RETAIN_SELF = YES;
				CLANG_WARN_OBJC_LITERAL_CONVERSION = YES;
				CLANG_WARN_OBJC_ROOT_CLASS = YES_ERROR;
				CLANG_WARN_QUOTED_INCLUDE_IN_FRAMEWORK_HEADER = YES;
				CLANG_WARN_RANGE_LOOP_ANALYSIS = YES;
				CLANG_WARN_STRICT_PROTOTYPES = YES;
				CLANG_WARN_SUSPICIOUS_MOVE = YES;
				CLANG_WARN_UNGUARDED_AVAILABILITY = YES_AGGRESSIVE;
				CLANG_WARN_UNREACHABLE_CODE = YES;
				CLANG_WARN__DUPLICATE_METHOD_MATCH = YES;
				COPY_PHASE_STRIP = NO;
				DEBUG_INFORMATION_FORMAT = "dwarf-with-dsym";
				ENABLE_NS_ASSERTIONS = NO;
				ENABLE_STRICT_OBJC_MSGSEND = YES;
				GCC_C_LANGUAGE_STANDARD = gnu11;
				GCC_NO_COMMON_BLOCKS = YES;
				GCC_WARN_64_TO_32_BIT_CONVERSION = YES;
				GCC_WARN_ABOUT_RETURN_TYPE = YES_ERROR;
				GCC_WARN_UNDECLARED_SELECTOR = YES;
				GCC_WARN_UNINITIALIZED_AUTOS = YES_AGGRESSIVE;
				GCC_WARN_UNUSED_FUNCTION = YES;
				GCC_WARN_UNUSED_VARIABLE = YES;
				IPHONEOS_DEPLOYMENT_TARGET = 16.4;
				MTL_ENABLE_DEBUG_INFO = NO;
				MTL_FAST_MATH = YES;
				SDKROOT = iphoneos;
				SWIFT_COMPILATION_MODE = wholemodule;
				SWIFT_OPTIMIZATION_LEVEL = "-O";
				VALIDATE_PRODUCT = YES;
			};
			name = Release;
		};
		5D2379BE2A7824E900C1FA1D /* Debug */ = {
			isa = XCBuildConfiguration;
			buildSettings = {
				ASSETCATALOG_COMPILER_APPICON_NAME = AppIcon;
				ASSETCATALOG_COMPILER_GLOBAL_ACCENT_COLOR_NAME = AccentColor;
				CODE_SIGN_STYLE = Automatic;
				CURRENT_PROJECT_VERSION = 1;
				DEVELOPMENT_TEAM = SJBBCP247C;
				GENERATE_INFOPLIST_FILE = YES;
				INFOPLIST_FILE = Coredata_prog_1/Info.plist;
				INFOPLIST_KEY_CFBundleDisplayName = Call;
				INFOPLIST_KEY_UIApplicationSupportsIndirectInputEvents = YES;
				INFOPLIST_KEY_UILaunchStoryboardName = LaunchScreen;
				INFOPLIST_KEY_UIMainStoryboardFile = Main;
				INFOPLIST_KEY_UISupportedInterfaceOrientations_iPad = "UIInterfaceOrientationPortrait UIInterfaceOrientationPortraitUpsideDown UIInterfaceOrientationLandscapeLeft UIInterfaceOrientationLandscapeRight";
				INFOPLIST_KEY_UISupportedInterfaceOrientations_iPhone = "UIInterfaceOrientationPortrait UIInterfaceOrientationLandscapeLeft UIInterfaceOrientationLandscapeRight";
				LD_RUNPATH_SEARCH_PATHS = (
					"$(inherited)",
					"@executable_path/Frameworks",
				);
				MARKETING_VERSION = 1.0;
				PRODUCT_BUNDLE_IDENTIFIER = "com.myfirstproject.Coredata-prog-1";
				PRODUCT_NAME = "$(TARGET_NAME)";
				SWIFT_EMIT_LOC_STRINGS = YES;
				SWIFT_VERSION = 5.0;
				TARGETED_DEVICE_FAMILY = "1,2";
			};
			name = Debug;
		};
		5D2379BF2A7824E900C1FA1D /* Release */ = {
			isa = XCBuildConfiguration;
			buildSettings = {
				ASSETCATALOG_COMPILER_APPICON_NAME = AppIcon;
				ASSETCATALOG_COMPILER_GLOBAL_ACCENT_COLOR_NAME = AccentColor;
				CODE_SIGN_STYLE = Automatic;
				CURRENT_PROJECT_VERSION = 1;
				DEVELOPMENT_TEAM = SJBBCP247C;
				GENERATE_INFOPLIST_FILE = YES;
				INFOPLIST_FILE = Coredata_prog_1/Info.plist;
				INFOPLIST_KEY_CFBundleDisplayName = Call;
				INFOPLIST_KEY_UIApplicationSupportsIndirectInputEvents = YES;
				INFOPLIST_KEY_UILaunchStoryboardName = LaunchScreen;
				INFOPLIST_KEY_UIMainStoryboardFile = Main;
				INFOPLIST_KEY_UISupportedInterfaceOrientations_iPad = "UIInterfaceOrientationPortrait UIInterfaceOrientationPortraitUpsideDown UIInterfaceOrientationLandscapeLeft UIInterfaceOrientationLandscapeRight";
				INFOPLIST_KEY_UISupportedInterfaceOrientations_iPhone = "UIInterfaceOrientationPortrait UIInterfaceOrientationLandscapeLeft UIInterfaceOrientationLandscapeRight";
				LD_RUNPATH_SEARCH_PATHS = (
					"$(inherited)",
					"@executable_path/Frameworks",
				);
				MARKETING_VERSION = 1.0;
				PRODUCT_BUNDLE_IDENTIFIER = "com.myfirstproject.Coredata-prog-1";
				PRODUCT_NAME = "$(TARGET_NAME)";
				SWIFT_EMIT_LOC_STRINGS = YES;
				SWIFT_VERSION = 5.0;
				TARGETED_DEVICE_FAMILY = "1,2";
			};
			name = Release;
		};
/* End XCBuildConfiguration section */

/* Begin XCConfigurationList section */
		5D2379A12A7824E800C1FA1D /* Build configuration list for PBXProject "Coredata_prog_1" */ = {
			isa = XCConfigurationList;
			buildConfigurations = (
				5D2379BB2A7824E900C1FA1D /* Debug */,
				5D2379BC2A7824E900C1FA1D /* Release */,
			);
			defaultConfigurationIsVisible = 0;
			defaultConfigurationName = Release;
		};
		5D2379BD2A7824E900C1FA1D /* Build configuration list for PBXNativeTarget "Coredata_prog_1" */ = {
			isa = XCConfigurationList;
			buildConfigurations = (
				5D2379BE2A7824E900C1FA1D /* Debug */,
				5D2379BF2A7824E900C1FA1D /* Release */,
			);
			defaultConfigurationIsVisible = 0;
			defaultConfigurationName = Release;
		};
/* End XCConfigurationList section */

/* Begin XCVersionGroup section */
		5D2379B22A7824E800C1FA1D /* Coredata_prog_1.xcdatamodeld */ = {
			isa = XCVersionGroup;
			children = (
				5D2379B32A7824E800C1FA1D /* Coredata_prog_1.xcdatamodel */,
			);
			currentVersion = 5D2379B32A7824E800C1FA1D /* Coredata_prog_1.xcdatamodel */;
			path = Coredata_prog_1.xcdatamodeld;
			sourceTree = "<group>";
			versionGroupType = wrapper.xcdatamodel;
		};
/* End XCVersionGroup section */
	};
	rootObject = 5D23799E2A7824E800C1FA1D /* Project object */;
}
